
Microsoft Visual Studio Solution File, Format Version 12.00
# Visual Studio Version 16
VisualStudioVersion = 16.0.30114.105
MinimumVisualStudioVersion = 10.0.40219.1
Project("{8BC9CEB8-8B4A-11D0-8D11-00A0C91BC942}") = "Homework_A3", "Homework_A3\Homework_A3.vcxproj", "{1BDCDBF1-648C-4FEB-BB62-8B0C39FA3807}"
EndProject
Project("{8BC9CEB8-8B4A-11D0-8D11-00A0C91BC942}") = "Homework_A4", "Homework_A4\Homework_A4.vcxproj", "{7253A2AA-0B93-483E-BFB4-C71E7AFE2837}"
EndProject
Global
	GlobalSection(SolutionConfigurationPlatforms) = preSolution
		Debug|x64 = Debug|x64
		Debug|x86 = Debug|x86
		Release|x64 = Release|x64
		Release|x86 = Release|x86
	EndGlobalSection
	GlobalSection(ProjectConfigurationPlatforms) = postSolution
		{1BDCDBF1-648C-4FEB-BB62-8B0C39FA3807}.Debug|x64.ActiveCfg = Debug|x64
		{1BDCDBF1-648C-4FEB-BB62-8B0C39FA3807}.Debug|x64.Build.0 = Debug|x64
		{1BDCDBF1-648C-4FEB-BB62-8B0C39FA3807}.Debug|x86.ActiveCfg = Debug|Win32
		{1BDCDBF1-648C-4FEB-BB62-8B0C39FA3807}.Debug|x86.Build.0 = Debug|Win32
		{1BDCDBF1-648C-4FEB-BB62-8B0C39FA3807}.Release|x64.ActiveCfg = Release|x64
		{1BDCDBF1-648C-4FEB-BB62-8B0C39FA3807}.Release|x64.Build.0 = Release|x64
		{1BDCDBF1-648C-4FEB-BB62-8B0C39FA3807}.Release|x86.ActiveCfg = Release|Win32
		{1BDCDBF1-648C-4FEB-BB62-8B0C39FA3807}.Release|x86.Build.0 = Release|Win32
		{7253A2AA-0B93-483E-BFB4-C71E7AFE2837}.Debug|x64.ActiveCfg = Debug|x64
		{7253A2AA-0B93-483E-BFB4-C71E7AFE2837}.Debug|x64.Build.0 = Debug|x64
		{7253A2AA-0B93-483E-BFB4-C71E7AFE2837}.Debug|x86.ActiveCfg = Debug|Win32
		{7253A2AA-0B93-483E-BFB4-C71E7AFE2837}.Debug|x86.Build.0 = Debug|Win32
		{7253A2AA-0B93-483E-BFB4-C71E7AFE2837}.Release|x64.ActiveCfg = Release|x64
		{7253A2AA-0B93-483E-BFB4-C71E7AFE2837}.Release|x64.Build.0 = Release|x64
		{7253A2AA-0B93-483E-BFB4-C71E7AFE2837}.Release|x86.ActiveCfg = Release|Win32
		{7253A2AA-0B93-483E-BFB4-C71E7AFE2837}.Release|x86.Build.0 = Release|Win32
	EndGlobalSection
	GlobalSection(SolutionProperties) = preSolution
		HideSolutionNode = FALSE
	EndGlobalSection
	GlobalSection(ExtensibilityGlobals) = postSolution
		SolutionGuid = {635C47C8-E24D-46B4-8F0A-F95D2377BEB5}
	EndGlobalSection
EndGlobal
